// !$*UTF8*$!
{
	archiveVersion = 1;
	classes = {
	};
	objectVersion = 56;
	objects = {

/* Begin PBXBuildFile section */
		990198722BFA01F800BFB37C /* ScheduleMaker.swift in Sources */ = {isa = PBXBuildFile; fileRef = 990198712BFA01F800BFB37C /* ScheduleMaker.swift */; };
		990198742BFA021800BFB37C /* WeekdayEnum.swift in Sources */ = {isa = PBXBuildFile; fileRef = 990198732BFA021800BFB37C /* WeekdayEnum.swift */; };
		990198822BFA0A8A00BFB37C /* ClanHall.swift in Sources */ = {isa = PBXBuildFile; fileRef = 990198812BFA0A8A00BFB37C /* ClanHall.swift */; };
		990198842BFA0ACC00BFB37C /* EverydayDungeon.swift in Sources */ = {isa = PBXBuildFile; fileRef = 990198832BFA0ACC00BFB37C /* EverydayDungeon.swift */; };
		990198902BFA2B2000BFB37C /* ScheduleView.swift in Sources */ = {isa = PBXBuildFile; fileRef = 9901988F2BFA2B2000BFB37C /* ScheduleView.swift */; };
		990198922BFB5B4400BFB37C /* Events.swift in Sources */ = {isa = PBXBuildFile; fileRef = 990198912BFB5B4400BFB37C /* Events.swift */; };
		990198942BFB719500BFB37C /* AddedText.swift in Sources */ = {isa = PBXBuildFile; fileRef = 990198932BFB719500BFB37C /* AddedText.swift */; };
		9901989B2BFB916700BFB37C /* Appearance.swift in Sources */ = {isa = PBXBuildFile; fileRef = 9901989A2BFB916700BFB37C /* Appearance.swift */; };
		991B73B92BF9E3F800A10CD5 /* TextFieldWithBorderView.swift in Sources */ = {isa = PBXBuildFile; fileRef = 991B73B82BF9E3F800A10CD5 /* TextFieldWithBorderView.swift */; };
		99871C452BF71EE100F626A4 /* SchedulePerfectWorldApp.swift in Sources */ = {isa = PBXBuildFile; fileRef = 99871C442BF71EE100F626A4 /* SchedulePerfectWorldApp.swift */; };
		99871C472BF71EE100F626A4 /* ContentView.swift in Sources */ = {isa = PBXBuildFile; fileRef = 99871C462BF71EE100F626A4 /* ContentView.swift */; };
		99871C492BF71EE300F626A4 /* Assets.xcassets in Resources */ = {isa = PBXBuildFile; fileRef = 99871C482BF71EE300F626A4 /* Assets.xcassets */; };
		99871C4C2BF71EE300F626A4 /* Preview Assets.xcassets in Resources */ = {isa = PBXBuildFile; fileRef = 99871C4B2BF71EE300F626A4 /* Preview Assets.xcassets */; };
		99871C532BF71FC100F626A4 /* Model.swift in Sources */ = {isa = PBXBuildFile; fileRef = 99871C522BF71FC100F626A4 /* Model.swift */; };
		99871C592BF738FF00F626A4 /* DatePickerView.swift in Sources */ = {isa = PBXBuildFile; fileRef = 99871C582BF738FF00F626A4 /* DatePickerView.swift */; };
		99871C642BF7582200F626A4 /* PreferableEventView.swift in Sources */ = {isa = PBXBuildFile; fileRef = 99871C632BF7582200F626A4 /* PreferableEventView.swift */; };
		99871C712BF75ED000F626A4 /* Color+Extension.swift in Sources */ = {isa = PBXBuildFile; fileRef = 99871C702BF75ED000F626A4 /* Color+Extension.swift */; };
		99871C732BF7620E00F626A4 /* NeumorphismShadows.swift in Sources */ = {isa = PBXBuildFile; fileRef = 99871C722BF7620E00F626A4 /* NeumorphismShadows.swift */; };
		99871C792BF78BBF00F626A4 /* RingedLinkedList.swift in Sources */ = {isa = PBXBuildFile; fileRef = 99871C782BF78BBF00F626A4 /* RingedLinkedList.swift */; };
		99871C7D2BF79DBF00F626A4 /* DateCounter.swift in Sources */ = {isa = PBXBuildFile; fileRef = 99871C7C2BF79DBF00F626A4 /* DateCounter.swift */; };
		99871C802BF7CC1B00F626A4 /* ScheduleRow.swift in Sources */ = {isa = PBXBuildFile; fileRef = 99871C7F2BF7CC1B00F626A4 /* ScheduleRow.swift */; };
		99F6B4F12C0E395B002E8CF4 /* EditViewModel.swift in Sources */ = {isa = PBXBuildFile; fileRef = 99F6B4F02C0E395B002E8CF4 /* EditViewModel.swift */; };
		99F6B4F32C0E3A62002E8CF4 /* ScheduleViewModel.swift in Sources */ = {isa = PBXBuildFile; fileRef = 99F6B4F22C0E3A62002E8CF4 /* ScheduleViewModel.swift */; };
		99F6B4F52C0E3AA2002E8CF4 /* ViewModelFactory.swift in Sources */ = {isa = PBXBuildFile; fileRef = 99F6B4F42C0E3AA2002E8CF4 /* ViewModelFactory.swift */; };
		99F6B4F82C0F2FDB002E8CF4 /* ScheduleViewCoordinator.swift in Sources */ = {isa = PBXBuildFile; fileRef = 99F6B4F72C0F2FDA002E8CF4 /* ScheduleViewCoordinator.swift */; };
		99F6B4FA2C0F2FE5002E8CF4 /* EditViewCoordinator.swift in Sources */ = {isa = PBXBuildFile; fileRef = 99F6B4F92C0F2FE5002E8CF4 /* EditViewCoordinator.swift */; };
		99F6B5042C0F6D8C002E8CF4 /* ScheduleController.swift in Sources */ = {isa = PBXBuildFile; fileRef = 99F6B5032C0F6D8C002E8CF4 /* ScheduleController.swift */; };
		99F6B5062C0F739D002E8CF4 /* EditView.swift in Sources */ = {isa = PBXBuildFile; fileRef = 99F6B5052C0F739D002E8CF4 /* EditView.swift */; };
		99F6B5082C0F7550002E8CF4 /* GreetingView.swift in Sources */ = {isa = PBXBuildFile; fileRef = 99F6B5072C0F7550002E8CF4 /* GreetingView.swift */; };
		99F6B50A2C0F759D002E8CF4 /* GreetingViewModel.swift in Sources */ = {isa = PBXBuildFile; fileRef = 99F6B5092C0F759D002E8CF4 /* GreetingViewModel.swift */; };
		99F6B50F2C1070D8002E8CF4 /* GreetingViewState.swift in Sources */ = {isa = PBXBuildFile; fileRef = 99F6B50E2C1070D8002E8CF4 /* GreetingViewState.swift */; };
		99F6B5122C107479002E8CF4 /* EmptyTextFieldState.swift in Sources */ = {isa = PBXBuildFile; fileRef = 99F6B5112C107479002E8CF4 /* EmptyTextFieldState.swift */; };
		99F6B5142C10748E002E8CF4 /* TextFieldWithTextState.swift in Sources */ = {isa = PBXBuildFile; fileRef = 99F6B5132C10748E002E8CF4 /* TextFieldWithTextState.swift */; };
		99F6B5162C1074A6002E8CF4 /* AddedTextState.swift in Sources */ = {isa = PBXBuildFile; fileRef = 99F6B5152C1074A6002E8CF4 /* AddedTextState.swift */; };
		99F6B5192C107652002E8CF4 /* GreetingViewBaseState.swift in Sources */ = {isa = PBXBuildFile; fileRef = 99F6B5182C107652002E8CF4 /* GreetingViewBaseState.swift */; };
		99F6B51D2C109001002E8CF4 /* GreetingViewContext.swift in Sources */ = {isa = PBXBuildFile; fileRef = 99F6B51C2C109001002E8CF4 /* GreetingViewContext.swift */; };
		99F6B5212C109997002E8CF4 /* AddOrRemoveButton.swift in Sources */ = {isa = PBXBuildFile; fileRef = 99F6B5202C109997002E8CF4 /* AddOrRemoveButton.swift */; };
		99F6B5262C10B52B002E8CF4 /* PreventiveWorkView.swift in Sources */ = {isa = PBXBuildFile; fileRef = 99F6B5252C10B52B002E8CF4 /* PreventiveWorkView.swift */; };
		99F6B5282C10B539002E8CF4 /* PreventiveWorkViewModel.swift in Sources */ = {isa = PBXBuildFile; fileRef = 99F6B5272C10B539002E8CF4 /* PreventiveWorkViewModel.swift */; };
		99F6B52B2C11FC9C002E8CF4 /* PreventiveWorkViewContext.swift in Sources */ = {isa = PBXBuildFile; fileRef = 99F6B52A2C11FC9C002E8CF4 /* PreventiveWorkViewContext.swift */; };
		99F6B52D2C11FDF2002E8CF4 /* PreventiveViewState.swift in Sources */ = {isa = PBXBuildFile; fileRef = 99F6B52C2C11FDF2002E8CF4 /* PreventiveViewState.swift */; };
		99F6B52F2C11FE89002E8CF4 /* PreventiveWorkBaseState.swift in Sources */ = {isa = PBXBuildFile; fileRef = 99F6B52E2C11FE89002E8CF4 /* PreventiveWorkBaseState.swift */; };
		99F6B5322C11FFB5002E8CF4 /* PreventiveWorkAddedState.swift in Sources */ = {isa = PBXBuildFile; fileRef = 99F6B5312C11FFB5002E8CF4 /* PreventiveWorkAddedState.swift */; };
		99F6B5342C11FFC1002E8CF4 /* PreventiveWorkNotAddedState.swift in Sources */ = {isa = PBXBuildFile; fileRef = 99F6B5332C11FFC1002E8CF4 /* PreventiveWorkNotAddedState.swift */; };
		99F6B5362C120048002E8CF4 /* CaptionText.swift in Sources */ = {isa = PBXBuildFile; fileRef = 99F6B5352C120048002E8CF4 /* CaptionText.swift */; };
		99F6B5382C12064D002E8CF4 /* AddOrRemoveButtonTitle.swift in Sources */ = {isa = PBXBuildFile; fileRef = 99F6B5372C12064D002E8CF4 /* AddOrRemoveButtonTitle.swift */; };
		99F6B53C2C120BD6002E8CF4 /* ColorSchemeViewModel.swift in Sources */ = {isa = PBXBuildFile; fileRef = 99F6B53B2C120BD6002E8CF4 /* ColorSchemeViewModel.swift */; };
		99F6B5402C120BFC002E8CF4 /* ColorSchemeView.swift in Sources */ = {isa = PBXBuildFile; fileRef = 99F6B53F2C120BFC002E8CF4 /* ColorSchemeView.swift */; };
		99F6B5422C120D99002E8CF4 /* ColorSchemeController.swift in Sources */ = {isa = PBXBuildFile; fileRef = 99F6B5412C120D99002E8CF4 /* ColorSchemeController.swift */; };
		99F6B5442C1306B2002E8CF4 /* NavigationRouter.swift in Sources */ = {isa = PBXBuildFile; fileRef = 99F6B5432C1306B2002E8CF4 /* NavigationRouter.swift */; };
		99F6B5482C132325002E8CF4 /* PreferableEventViewModel.swift in Sources */ = {isa = PBXBuildFile; fileRef = 99F6B5472C132325002E8CF4 /* PreferableEventViewModel.swift */; };
		99F6B54B2C133037002E8CF4 /* PreferableEventContext.swift in Sources */ = {isa = PBXBuildFile; fileRef = 99F6B54A2C133037002E8CF4 /* PreferableEventContext.swift */; };
		99F6B54D2C13305C002E8CF4 /* PreferableEventState.swift in Sources */ = {isa = PBXBuildFile; fileRef = 99F6B54C2C13305C002E8CF4 /* PreferableEventState.swift */; };
		99F6B54F2C1330AA002E8CF4 /* PreferableEventViewBaseState.swift in Sources */ = {isa = PBXBuildFile; fileRef = 99F6B54E2C1330AA002E8CF4 /* PreferableEventViewBaseState.swift */; };
		99F6B5522C1331A6002E8CF4 /* PreferableEventViewWithTextState.swift in Sources */ = {isa = PBXBuildFile; fileRef = 99F6B5512C1331A6002E8CF4 /* PreferableEventViewWithTextState.swift */; };
		99F6B5542C1331BC002E8CF4 /* PreferableEventViewEmptyTextState.swift in Sources */ = {isa = PBXBuildFile; fileRef = 99F6B5532C1331BC002E8CF4 /* PreferableEventViewEmptyTextState.swift */; };
		99F6B55C2C1608D6002E8CF4 /* PreferableEventsStorage.xcdatamodeld in Sources */ = {isa = PBXBuildFile; fileRef = 99F6B55A2C1608D5002E8CF4 /* PreferableEventsStorage.xcdatamodeld */; };
		99F6B5632C160AB1002E8CF4 /* PreferableEvents+CoreDataClass.swift in Sources */ = {isa = PBXBuildFile; fileRef = 99F6B5612C160AB1002E8CF4 /* PreferableEvents+CoreDataClass.swift */; };
		99F6B5642C160AB1002E8CF4 /* PreferableEvents+CoreDataProperties.swift in Sources */ = {isa = PBXBuildFile; fileRef = 99F6B5622C160AB1002E8CF4 /* PreferableEvents+CoreDataProperties.swift */; };
		99F6B5662C160B66002E8CF4 /* CoreDataStack.swift in Sources */ = {isa = PBXBuildFile; fileRef = 99F6B5652C160B66002E8CF4 /* CoreDataStack.swift */; };
		99F6B5682C160B8F002E8CF4 /* LocalStorage.swift in Sources */ = {isa = PBXBuildFile; fileRef = 99F6B5672C160B8F002E8CF4 /* LocalStorage.swift */; };
		99F6B56A2C161085002E8CF4 /* ThrowErrorHelper.swift in Sources */ = {isa = PBXBuildFile; fileRef = 99F6B5692C161085002E8CF4 /* ThrowErrorHelper.swift */; };
/* End PBXBuildFile section */

/* Begin PBXFileReference section */
		990198712BFA01F800BFB37C /* ScheduleMaker.swift */ = {isa = PBXFileReference; lastKnownFileType = sourcecode.swift; path = ScheduleMaker.swift; sourceTree = "<group>"; };
		990198732BFA021800BFB37C /* WeekdayEnum.swift */ = {isa = PBXFileReference; lastKnownFileType = sourcecode.swift; path = WeekdayEnum.swift; sourceTree = "<group>"; };
		990198812BFA0A8A00BFB37C /* ClanHall.swift */ = {isa = PBXFileReference; lastKnownFileType = sourcecode.swift; path = ClanHall.swift; sourceTree = "<group>"; };
		990198832BFA0ACC00BFB37C /* EverydayDungeon.swift */ = {isa = PBXFileReference; lastKnownFileType = sourcecode.swift; path = EverydayDungeon.swift; sourceTree = "<group>"; };
		9901988F2BFA2B2000BFB37C /* ScheduleView.swift */ = {isa = PBXFileReference; lastKnownFileType = sourcecode.swift; path = ScheduleView.swift; sourceTree = "<group>"; };
		990198912BFB5B4400BFB37C /* Events.swift */ = {isa = PBXFileReference; lastKnownFileType = sourcecode.swift; path = Events.swift; sourceTree = "<group>"; };
		990198932BFB719500BFB37C /* AddedText.swift */ = {isa = PBXFileReference; lastKnownFileType = sourcecode.swift; path = AddedText.swift; sourceTree = "<group>"; };
		9901989A2BFB916700BFB37C /* Appearance.swift */ = {isa = PBXFileReference; lastKnownFileType = sourcecode.swift; path = Appearance.swift; sourceTree = "<group>"; };
		991B73B82BF9E3F800A10CD5 /* TextFieldWithBorderView.swift */ = {isa = PBXFileReference; lastKnownFileType = sourcecode.swift; path = TextFieldWithBorderView.swift; sourceTree = "<group>"; };
		99871C412BF71EE100F626A4 /* SchedulePerfectWorld.app */ = {isa = PBXFileReference; explicitFileType = wrapper.application; includeInIndex = 0; path = SchedulePerfectWorld.app; sourceTree = BUILT_PRODUCTS_DIR; };
		99871C442BF71EE100F626A4 /* SchedulePerfectWorldApp.swift */ = {isa = PBXFileReference; lastKnownFileType = sourcecode.swift; path = SchedulePerfectWorldApp.swift; sourceTree = "<group>"; };
		99871C462BF71EE100F626A4 /* ContentView.swift */ = {isa = PBXFileReference; lastKnownFileType = sourcecode.swift; path = ContentView.swift; sourceTree = "<group>"; };
		99871C482BF71EE300F626A4 /* Assets.xcassets */ = {isa = PBXFileReference; lastKnownFileType = folder.assetcatalog; path = Assets.xcassets; sourceTree = "<group>"; };
		99871C4B2BF71EE300F626A4 /* Preview Assets.xcassets */ = {isa = PBXFileReference; lastKnownFileType = folder.assetcatalog; path = "Preview Assets.xcassets"; sourceTree = "<group>"; };
		99871C522BF71FC100F626A4 /* Model.swift */ = {isa = PBXFileReference; lastKnownFileType = sourcecode.swift; path = Model.swift; sourceTree = "<group>"; };
		99871C582BF738FF00F626A4 /* DatePickerView.swift */ = {isa = PBXFileReference; lastKnownFileType = sourcecode.swift; path = DatePickerView.swift; sourceTree = "<group>"; };
		99871C632BF7582200F626A4 /* PreferableEventView.swift */ = {isa = PBXFileReference; lastKnownFileType = sourcecode.swift; path = PreferableEventView.swift; sourceTree = "<group>"; };
		99871C702BF75ED000F626A4 /* Color+Extension.swift */ = {isa = PBXFileReference; lastKnownFileType = sourcecode.swift; path = "Color+Extension.swift"; sourceTree = "<group>"; };
		99871C722BF7620E00F626A4 /* NeumorphismShadows.swift */ = {isa = PBXFileReference; lastKnownFileType = sourcecode.swift; path = NeumorphismShadows.swift; sourceTree = "<group>"; };
		99871C782BF78BBF00F626A4 /* RingedLinkedList.swift */ = {isa = PBXFileReference; lastKnownFileType = sourcecode.swift; path = RingedLinkedList.swift; sourceTree = "<group>"; };
		99871C7C2BF79DBF00F626A4 /* DateCounter.swift */ = {isa = PBXFileReference; lastKnownFileType = sourcecode.swift; path = DateCounter.swift; sourceTree = "<group>"; };
		99871C7F2BF7CC1B00F626A4 /* ScheduleRow.swift */ = {isa = PBXFileReference; lastKnownFileType = sourcecode.swift; path = ScheduleRow.swift; sourceTree = "<group>"; };
		99F6B4F02C0E395B002E8CF4 /* EditViewModel.swift */ = {isa = PBXFileReference; lastKnownFileType = sourcecode.swift; path = EditViewModel.swift; sourceTree = "<group>"; };
		99F6B4F22C0E3A62002E8CF4 /* ScheduleViewModel.swift */ = {isa = PBXFileReference; lastKnownFileType = sourcecode.swift; path = ScheduleViewModel.swift; sourceTree = "<group>"; };
		99F6B4F42C0E3AA2002E8CF4 /* ViewModelFactory.swift */ = {isa = PBXFileReference; lastKnownFileType = sourcecode.swift; path = ViewModelFactory.swift; sourceTree = "<group>"; };
		99F6B4F72C0F2FDA002E8CF4 /* ScheduleViewCoordinator.swift */ = {isa = PBXFileReference; lastKnownFileType = sourcecode.swift; path = ScheduleViewCoordinator.swift; sourceTree = "<group>"; };
		99F6B4F92C0F2FE5002E8CF4 /* EditViewCoordinator.swift */ = {isa = PBXFileReference; lastKnownFileType = sourcecode.swift; path = EditViewCoordinator.swift; sourceTree = "<group>"; };
		99F6B5032C0F6D8C002E8CF4 /* ScheduleController.swift */ = {isa = PBXFileReference; lastKnownFileType = sourcecode.swift; path = ScheduleController.swift; sourceTree = "<group>"; };
		99F6B5052C0F739D002E8CF4 /* EditView.swift */ = {isa = PBXFileReference; lastKnownFileType = sourcecode.swift; path = EditView.swift; sourceTree = "<group>"; };
		99F6B5072C0F7550002E8CF4 /* GreetingView.swift */ = {isa = PBXFileReference; lastKnownFileType = sourcecode.swift; path = GreetingView.swift; sourceTree = "<group>"; };
		99F6B5092C0F759D002E8CF4 /* GreetingViewModel.swift */ = {isa = PBXFileReference; lastKnownFileType = sourcecode.swift; path = GreetingViewModel.swift; sourceTree = "<group>"; };
		99F6B50E2C1070D8002E8CF4 /* GreetingViewState.swift */ = {isa = PBXFileReference; lastKnownFileType = sourcecode.swift; path = GreetingViewState.swift; sourceTree = "<group>"; };
		99F6B5112C107479002E8CF4 /* EmptyTextFieldState.swift */ = {isa = PBXFileReference; lastKnownFileType = sourcecode.swift; path = EmptyTextFieldState.swift; sourceTree = "<group>"; };
		99F6B5132C10748E002E8CF4 /* TextFieldWithTextState.swift */ = {isa = PBXFileReference; lastKnownFileType = sourcecode.swift; path = TextFieldWithTextState.swift; sourceTree = "<group>"; };
		99F6B5152C1074A6002E8CF4 /* AddedTextState.swift */ = {isa = PBXFileReference; lastKnownFileType = sourcecode.swift; path = AddedTextState.swift; sourceTree = "<group>"; };
		99F6B5182C107652002E8CF4 /* GreetingViewBaseState.swift */ = {isa = PBXFileReference; lastKnownFileType = sourcecode.swift; path = GreetingViewBaseState.swift; sourceTree = "<group>"; };
		99F6B51C2C109001002E8CF4 /* GreetingViewContext.swift */ = {isa = PBXFileReference; lastKnownFileType = sourcecode.swift; path = GreetingViewContext.swift; sourceTree = "<group>"; };
		99F6B5202C109997002E8CF4 /* AddOrRemoveButton.swift */ = {isa = PBXFileReference; lastKnownFileType = sourcecode.swift; path = AddOrRemoveButton.swift; sourceTree = "<group>"; };
		99F6B5252C10B52B002E8CF4 /* PreventiveWorkView.swift */ = {isa = PBXFileReference; lastKnownFileType = sourcecode.swift; path = PreventiveWorkView.swift; sourceTree = "<group>"; };
		99F6B5272C10B539002E8CF4 /* PreventiveWorkViewModel.swift */ = {isa = PBXFileReference; lastKnownFileType = sourcecode.swift; path = PreventiveWorkViewModel.swift; sourceTree = "<group>"; };
		99F6B52A2C11FC9C002E8CF4 /* PreventiveWorkViewContext.swift */ = {isa = PBXFileReference; lastKnownFileType = sourcecode.swift; path = PreventiveWorkViewContext.swift; sourceTree = "<group>"; };
		99F6B52C2C11FDF2002E8CF4 /* PreventiveViewState.swift */ = {isa = PBXFileReference; lastKnownFileType = sourcecode.swift; path = PreventiveViewState.swift; sourceTree = "<group>"; };
		99F6B52E2C11FE89002E8CF4 /* PreventiveWorkBaseState.swift */ = {isa = PBXFileReference; lastKnownFileType = sourcecode.swift; path = PreventiveWorkBaseState.swift; sourceTree = "<group>"; };
		99F6B5312C11FFB5002E8CF4 /* PreventiveWorkAddedState.swift */ = {isa = PBXFileReference; lastKnownFileType = sourcecode.swift; path = PreventiveWorkAddedState.swift; sourceTree = "<group>"; };
		99F6B5332C11FFC1002E8CF4 /* PreventiveWorkNotAddedState.swift */ = {isa = PBXFileReference; lastKnownFileType = sourcecode.swift; path = PreventiveWorkNotAddedState.swift; sourceTree = "<group>"; };
		99F6B5352C120048002E8CF4 /* CaptionText.swift */ = {isa = PBXFileReference; lastKnownFileType = sourcecode.swift; path = CaptionText.swift; sourceTree = "<group>"; };
		99F6B5372C12064D002E8CF4 /* AddOrRemoveButtonTitle.swift */ = {isa = PBXFileReference; lastKnownFileType = sourcecode.swift; path = AddOrRemoveButtonTitle.swift; sourceTree = "<group>"; };
		99F6B53B2C120BD6002E8CF4 /* ColorSchemeViewModel.swift */ = {isa = PBXFileReference; lastKnownFileType = sourcecode.swift; path = ColorSchemeViewModel.swift; sourceTree = "<group>"; };
		99F6B53F2C120BFC002E8CF4 /* ColorSchemeView.swift */ = {isa = PBXFileReference; lastKnownFileType = sourcecode.swift; path = ColorSchemeView.swift; sourceTree = "<group>"; };
		99F6B5412C120D99002E8CF4 /* ColorSchemeController.swift */ = {isa = PBXFileReference; lastKnownFileType = sourcecode.swift; path = ColorSchemeController.swift; sourceTree = "<group>"; };
		99F6B5432C1306B2002E8CF4 /* NavigationRouter.swift */ = {isa = PBXFileReference; lastKnownFileType = sourcecode.swift; path = NavigationRouter.swift; sourceTree = "<group>"; };
		99F6B5472C132325002E8CF4 /* PreferableEventViewModel.swift */ = {isa = PBXFileReference; lastKnownFileType = sourcecode.swift; path = PreferableEventViewModel.swift; sourceTree = "<group>"; };
		99F6B54A2C133037002E8CF4 /* PreferableEventContext.swift */ = {isa = PBXFileReference; lastKnownFileType = sourcecode.swift; path = PreferableEventContext.swift; sourceTree = "<group>"; };
		99F6B54C2C13305C002E8CF4 /* PreferableEventState.swift */ = {isa = PBXFileReference; lastKnownFileType = sourcecode.swift; path = PreferableEventState.swift; sourceTree = "<group>"; };
		99F6B54E2C1330AA002E8CF4 /* PreferableEventViewBaseState.swift */ = {isa = PBXFileReference; lastKnownFileType = sourcecode.swift; path = PreferableEventViewBaseState.swift; sourceTree = "<group>"; };
		99F6B5512C1331A6002E8CF4 /* PreferableEventViewWithTextState.swift */ = {isa = PBXFileReference; lastKnownFileType = sourcecode.swift; path = PreferableEventViewWithTextState.swift; sourceTree = "<group>"; };
		99F6B5532C1331BC002E8CF4 /* PreferableEventViewEmptyTextState.swift */ = {isa = PBXFileReference; lastKnownFileType = sourcecode.swift; path = PreferableEventViewEmptyTextState.swift; sourceTree = "<group>"; };
		99F6B55B2C1608D6002E8CF4 /* PreferableEventsStorage.xcdatamodel */ = {isa = PBXFileReference; lastKnownFileType = wrapper.xcdatamodel; path = PreferableEventsStorage.xcdatamodel; sourceTree = "<group>"; };
		99F6B5612C160AB1002E8CF4 /* PreferableEvents+CoreDataClass.swift */ = {isa = PBXFileReference; lastKnownFileType = sourcecode.swift; path = "PreferableEvents+CoreDataClass.swift"; sourceTree = "<group>"; };
		99F6B5622C160AB1002E8CF4 /* PreferableEvents+CoreDataProperties.swift */ = {isa = PBXFileReference; lastKnownFileType = sourcecode.swift; path = "PreferableEvents+CoreDataProperties.swift"; sourceTree = "<group>"; };
		99F6B5652C160B66002E8CF4 /* CoreDataStack.swift */ = {isa = PBXFileReference; lastKnownFileType = sourcecode.swift; path = CoreDataStack.swift; sourceTree = "<group>"; };
		99F6B5672C160B8F002E8CF4 /* LocalStorage.swift */ = {isa = PBXFileReference; lastKnownFileType = sourcecode.swift; path = LocalStorage.swift; sourceTree = "<group>"; };
		99F6B5692C161085002E8CF4 /* ThrowErrorHelper.swift */ = {isa = PBXFileReference; lastKnownFileType = sourcecode.swift; path = ThrowErrorHelper.swift; sourceTree = "<group>"; };
/* End PBXFileReference section */

/* Begin PBXFrameworksBuildPhase section */
		99871C3E2BF71EE100F626A4 /* Frameworks */ = {
			isa = PBXFrameworksBuildPhase;
			buildActionMask = 2147483647;
			files = (
			);
			runOnlyForDeploymentPostprocessing = 0;
		};
/* End PBXFrameworksBuildPhase section */

/* Begin PBXGroup section */
		990198702BFA01D300BFB37C /* Service */ = {
			isa = PBXGroup;
			children = (
				99871C782BF78BBF00F626A4 /* RingedLinkedList.swift */,
				990198712BFA01F800BFB37C /* ScheduleMaker.swift */,
				990198912BFB5B4400BFB37C /* Events.swift */,
				990198732BFA021800BFB37C /* WeekdayEnum.swift */,
				990198802BFA0A7600BFB37C /* EventObjects */,
			);
			path = Service;
			sourceTree = "<group>";
		};
		990198802BFA0A7600BFB37C /* EventObjects */ = {
			isa = PBXGroup;
			children = (
				990198812BFA0A8A00BFB37C /* ClanHall.swift */,
				990198832BFA0ACC00BFB37C /* EverydayDungeon.swift */,
			);
			path = EventObjects;
			sourceTree = "<group>";
		};
		990198992BFB88C800BFB37C /* Views */ = {
			isa = PBXGroup;
			children = (
				99871C462BF71EE100F626A4 /* ContentView.swift */,
				99871C5A2BF7390400F626A4 /* Components */,
				99871C7E2BF7CC0800F626A4 /* ScheduleView */,
				99871C602BF7578E00F626A4 /* EditView */,
			);
			path = Views;
			sourceTree = "<group>";
		};
		99871C382BF71EE100F626A4 = {
			isa = PBXGroup;
			children = (
				99871C432BF71EE100F626A4 /* SchedulePerfectWorld */,
				99871C422BF71EE100F626A4 /* Products */,
			);
			sourceTree = "<group>";
		};
		99871C422BF71EE100F626A4 /* Products */ = {
			isa = PBXGroup;
			children = (
				99871C412BF71EE100F626A4 /* SchedulePerfectWorld.app */,
			);
			name = Products;
			sourceTree = "<group>";
		};
		99871C432BF71EE100F626A4 /* SchedulePerfectWorld */ = {
			isa = PBXGroup;
			children = (
				99871C442BF71EE100F626A4 /* SchedulePerfectWorldApp.swift */,
				99871C522BF71FC100F626A4 /* Model.swift */,
				99F6B5452C1321FE002E8CF4 /* ViewModelFactory */,
				99F6B4F62C0F2FBE002E8CF4 /* Coordinator */,
				990198992BFB88C800BFB37C /* Views */,
				990198702BFA01D300BFB37C /* Service */,
				99871C6F2BF75EC200F626A4 /* Utils */,
				99871C482BF71EE300F626A4 /* Assets.xcassets */,
				99F6B5592C1608AB002E8CF4 /* Storage */,
				99871C4A2BF71EE300F626A4 /* Preview Content */,
			);
			path = SchedulePerfectWorld;
			sourceTree = "<group>";
		};
		99871C4A2BF71EE300F626A4 /* Preview Content */ = {
			isa = PBXGroup;
			children = (
				99871C4B2BF71EE300F626A4 /* Preview Assets.xcassets */,
			);
			path = "Preview Content";
			sourceTree = "<group>";
		};
		99871C5A2BF7390400F626A4 /* Components */ = {
			isa = PBXGroup;
			children = (
				99871C582BF738FF00F626A4 /* DatePickerView.swift */,
				991B73B82BF9E3F800A10CD5 /* TextFieldWithBorderView.swift */,
				990198932BFB719500BFB37C /* AddedText.swift */,
				99F6B5202C109997002E8CF4 /* AddOrRemoveButton.swift */,
				99F6B5352C120048002E8CF4 /* CaptionText.swift */,
			);
			path = Components;
			sourceTree = "<group>";
		};
		99871C602BF7578E00F626A4 /* EditView */ = {
			isa = PBXGroup;
			children = (
				99F6B5052C0F739D002E8CF4 /* EditView.swift */,
				99F6B4F02C0E395B002E8CF4 /* EditViewModel.swift */,
				99F6B5372C12064D002E8CF4 /* AddOrRemoveButtonTitle.swift */,
				99F6B5462C132248002E8CF4 /* EditViewSubviews */,
			);
			path = EditView;
			sourceTree = "<group>";
		};
		99871C672BF75C6E00F626A4 /* PreferableEventView */ = {
			isa = PBXGroup;
			children = (
				99F6B5472C132325002E8CF4 /* PreferableEventViewModel.swift */,
				99871C632BF7582200F626A4 /* PreferableEventView.swift */,
				99F6B5492C132AFD002E8CF4 /* PreferableEventState */,
			);
			path = PreferableEventView;
			sourceTree = "<group>";
		};
		99871C6F2BF75EC200F626A4 /* Utils */ = {
			isa = PBXGroup;
			children = (
				99871C702BF75ED000F626A4 /* Color+Extension.swift */,
				99871C722BF7620E00F626A4 /* NeumorphismShadows.swift */,
				99871C7C2BF79DBF00F626A4 /* DateCounter.swift */,
				9901989A2BFB916700BFB37C /* Appearance.swift */,
			);
			path = Utils;
			sourceTree = "<group>";
		};
		99871C7E2BF7CC0800F626A4 /* ScheduleView */ = {
			isa = PBXGroup;
			children = (
				99F6B4F22C0E3A62002E8CF4 /* ScheduleViewModel.swift */,
				99871C7F2BF7CC1B00F626A4 /* ScheduleRow.swift */,
				9901988F2BFA2B2000BFB37C /* ScheduleView.swift */,
			);
			path = ScheduleView;
			sourceTree = "<group>";
		};
		99F6B4F62C0F2FBE002E8CF4 /* Coordinator */ = {
			isa = PBXGroup;
			children = (
				99F6B4F72C0F2FDA002E8CF4 /* ScheduleViewCoordinator.swift */,
				99F6B4F92C0F2FE5002E8CF4 /* EditViewCoordinator.swift */,
				99F6B5432C1306B2002E8CF4 /* NavigationRouter.swift */,
			);
			path = Coordinator;
			sourceTree = "<group>";
		};
		99F6B50B2C1070A8002E8CF4 /* GreetingViewState */ = {
			isa = PBXGroup;
			children = (
				99F6B51C2C109001002E8CF4 /* GreetingViewContext.swift */,
				99F6B50E2C1070D8002E8CF4 /* GreetingViewState.swift */,
				99F6B5182C107652002E8CF4 /* GreetingViewBaseState.swift */,
				99F6B5172C10763B002E8CF4 /* ConcreteButtonStates */,
			);
			path = GreetingViewState;
			sourceTree = "<group>";
		};
		99F6B5172C10763B002E8CF4 /* ConcreteButtonStates */ = {
			isa = PBXGroup;
			children = (
				99F6B5112C107479002E8CF4 /* EmptyTextFieldState.swift */,
				99F6B5132C10748E002E8CF4 /* TextFieldWithTextState.swift */,
				99F6B5152C1074A6002E8CF4 /* AddedTextState.swift */,
			);
			path = ConcreteButtonStates;
			sourceTree = "<group>";
		};
		99F6B5222C109A7B002E8CF4 /* GreetingView */ = {
			isa = PBXGroup;
			children = (
				99F6B5092C0F759D002E8CF4 /* GreetingViewModel.swift */,
				99F6B5072C0F7550002E8CF4 /* GreetingView.swift */,
				99F6B50B2C1070A8002E8CF4 /* GreetingViewState */,
			);
			path = GreetingView;
			sourceTree = "<group>";
		};
		99F6B5232C10B497002E8CF4 /* PreventiveWorkView */ = {
			isa = PBXGroup;
			children = (
				99F6B5272C10B539002E8CF4 /* PreventiveWorkViewModel.swift */,
				99F6B5252C10B52B002E8CF4 /* PreventiveWorkView.swift */,
				99F6B5292C11FC83002E8CF4 /* PreventiveWorkViewState */,
			);
			path = PreventiveWorkView;
			sourceTree = "<group>";
		};
		99F6B5242C10B4C3002E8CF4 /* ColorSchemeView */ = {
			isa = PBXGroup;
			children = (
				99F6B53B2C120BD6002E8CF4 /* ColorSchemeViewModel.swift */,
				99F6B53F2C120BFC002E8CF4 /* ColorSchemeView.swift */,
			);
			path = ColorSchemeView;
			sourceTree = "<group>";
		};
		99F6B5292C11FC83002E8CF4 /* PreventiveWorkViewState */ = {
			isa = PBXGroup;
			children = (
				99F6B52A2C11FC9C002E8CF4 /* PreventiveWorkViewContext.swift */,
				99F6B52C2C11FDF2002E8CF4 /* PreventiveViewState.swift */,
				99F6B52E2C11FE89002E8CF4 /* PreventiveWorkBaseState.swift */,
				99F6B5302C11FF8B002E8CF4 /* ConcreteStates */,
			);
			path = PreventiveWorkViewState;
			sourceTree = "<group>";
		};
		99F6B5302C11FF8B002E8CF4 /* ConcreteStates */ = {
			isa = PBXGroup;
			children = (
				99F6B5312C11FFB5002E8CF4 /* PreventiveWorkAddedState.swift */,
				99F6B5332C11FFC1002E8CF4 /* PreventiveWorkNotAddedState.swift */,
			);
			path = ConcreteStates;
			sourceTree = "<group>";
		};
		99F6B5452C1321FE002E8CF4 /* ViewModelFactory */ = {
			isa = PBXGroup;
			children = (
				99F6B4F42C0E3AA2002E8CF4 /* ViewModelFactory.swift */,
				99F6B5032C0F6D8C002E8CF4 /* ScheduleController.swift */,
				99F6B5412C120D99002E8CF4 /* ColorSchemeController.swift */,
			);
			path = ViewModelFactory;
			sourceTree = "<group>";
		};
		99F6B5462C132248002E8CF4 /* EditViewSubviews */ = {
			isa = PBXGroup;
			children = (
				99F6B5222C109A7B002E8CF4 /* GreetingView */,
				99F6B5232C10B497002E8CF4 /* PreventiveWorkView */,
				99871C672BF75C6E00F626A4 /* PreferableEventView */,
				99F6B5242C10B4C3002E8CF4 /* ColorSchemeView */,
			);
			path = EditViewSubviews;
			sourceTree = "<group>";
		};
		99F6B5492C132AFD002E8CF4 /* PreferableEventState */ = {
			isa = PBXGroup;
			children = (
				99F6B54A2C133037002E8CF4 /* PreferableEventContext.swift */,
				99F6B54C2C13305C002E8CF4 /* PreferableEventState.swift */,
				99F6B54E2C1330AA002E8CF4 /* PreferableEventViewBaseState.swift */,
				99F6B5502C13316F002E8CF4 /* ConcreteStates */,
			);
			path = PreferableEventState;
			sourceTree = "<group>";
		};
		99F6B5502C13316F002E8CF4 /* ConcreteStates */ = {
			isa = PBXGroup;
			children = (
				99F6B5512C1331A6002E8CF4 /* PreferableEventViewWithTextState.swift */,
				99F6B5532C1331BC002E8CF4 /* PreferableEventViewEmptyTextState.swift */,
			);
			path = ConcreteStates;
			sourceTree = "<group>";
		};
		99F6B5592C1608AB002E8CF4 /* Storage */ = {
			isa = PBXGroup;
			children = (
				99F6B5692C161085002E8CF4 /* ThrowErrorHelper.swift */,
				99F6B5652C160B66002E8CF4 /* CoreDataStack.swift */,
				99F6B5672C160B8F002E8CF4 /* LocalStorage.swift */,
				99F6B5612C160AB1002E8CF4 /* PreferableEvents+CoreDataClass.swift */,
				99F6B5622C160AB1002E8CF4 /* PreferableEvents+CoreDataProperties.swift */,
				99F6B55A2C1608D5002E8CF4 /* PreferableEventsStorage.xcdatamodeld */,
			);
			path = Storage;
			sourceTree = "<group>";
		};
/* End PBXGroup section */

/* Begin PBXNativeTarget section */
		99871C402BF71EE100F626A4 /* SchedulePerfectWorld */ = {
			isa = PBXNativeTarget;
			buildConfigurationList = 99871C4F2BF71EE300F626A4 /* Build configuration list for PBXNativeTarget "SchedulePerfectWorld" */;
			buildPhases = (
				99871C3D2BF71EE100F626A4 /* Sources */,
				99871C3E2BF71EE100F626A4 /* Frameworks */,
				99871C3F2BF71EE100F626A4 /* Resources */,
			);
			buildRules = (
			);
			dependencies = (
			);
			name = SchedulePerfectWorld;
			productName = SchedulePerfectWorld;
			productReference = 99871C412BF71EE100F626A4 /* SchedulePerfectWorld.app */;
			productType = "com.apple.product-type.application";
		};
/* End PBXNativeTarget section */

/* Begin PBXProject section */
		99871C392BF71EE100F626A4 /* Project object */ = {
			isa = PBXProject;
			attributes = {
				BuildIndependentTargetsInParallel = 1;
				LastSwiftUpdateCheck = 1520;
				LastUpgradeCheck = 1520;
				TargetAttributes = {
					99871C402BF71EE100F626A4 = {
						CreatedOnToolsVersion = 15.2;
					};
				};
			};
			buildConfigurationList = 99871C3C2BF71EE100F626A4 /* Build configuration list for PBXProject "SchedulePerfectWorld" */;
			compatibilityVersion = "Xcode 14.0";
			developmentRegion = en;
			hasScannedForEncodings = 0;
			knownRegions = (
				en,
				Base,
			);
			mainGroup = 99871C382BF71EE100F626A4;
			productRefGroup = 99871C422BF71EE100F626A4 /* Products */;
			projectDirPath = "";
			projectRoot = "";
			targets = (
				99871C402BF71EE100F626A4 /* SchedulePerfectWorld */,
			);
		};
/* End PBXProject section */

/* Begin PBXResourcesBuildPhase section */
		99871C3F2BF71EE100F626A4 /* Resources */ = {
			isa = PBXResourcesBuildPhase;
			buildActionMask = 2147483647;
			files = (
				99871C4C2BF71EE300F626A4 /* Preview Assets.xcassets in Resources */,
				99871C492BF71EE300F626A4 /* Assets.xcassets in Resources */,
			);
			runOnlyForDeploymentPostprocessing = 0;
		};
/* End PBXResourcesBuildPhase section */

/* Begin PBXSourcesBuildPhase section */
		99871C3D2BF71EE100F626A4 /* Sources */ = {
			isa = PBXSourcesBuildPhase;
			buildActionMask = 2147483647;
			files = (
				99F6B52B2C11FC9C002E8CF4 /* PreventiveWorkViewContext.swift in Sources */,
				99F6B5212C109997002E8CF4 /* AddOrRemoveButton.swift in Sources */,
				99F6B55C2C1608D6002E8CF4 /* PreferableEventsStorage.xcdatamodeld in Sources */,
				99F6B4FA2C0F2FE5002E8CF4 /* EditViewCoordinator.swift in Sources */,
				99F6B5282C10B539002E8CF4 /* PreventiveWorkViewModel.swift in Sources */,
				991B73B92BF9E3F800A10CD5 /* TextFieldWithBorderView.swift in Sources */,
				99F6B5062C0F739D002E8CF4 /* EditView.swift in Sources */,
				990198722BFA01F800BFB37C /* ScheduleMaker.swift in Sources */,
				99871C712BF75ED000F626A4 /* Color+Extension.swift in Sources */,
				99871C592BF738FF00F626A4 /* DatePickerView.swift in Sources */,
				99F6B5192C107652002E8CF4 /* GreetingViewBaseState.swift in Sources */,
				99F6B51D2C109001002E8CF4 /* GreetingViewContext.swift in Sources */,
				99871C802BF7CC1B00F626A4 /* ScheduleRow.swift in Sources */,
				9901989B2BFB916700BFB37C /* Appearance.swift in Sources */,
				99F6B5082C0F7550002E8CF4 /* GreetingView.swift in Sources */,
				99871C532BF71FC100F626A4 /* Model.swift in Sources */,
				99F6B5362C120048002E8CF4 /* CaptionText.swift in Sources */,
				99F6B5042C0F6D8C002E8CF4 /* ScheduleController.swift in Sources */,
				99F6B52F2C11FE89002E8CF4 /* PreventiveWorkBaseState.swift in Sources */,
				99F6B5382C12064D002E8CF4 /* AddOrRemoveButtonTitle.swift in Sources */,
				99F6B5632C160AB1002E8CF4 /* PreferableEvents+CoreDataClass.swift in Sources */,
				99F6B5642C160AB1002E8CF4 /* PreferableEvents+CoreDataProperties.swift in Sources */,
				99F6B5522C1331A6002E8CF4 /* PreferableEventViewWithTextState.swift in Sources */,
				990198822BFA0A8A00BFB37C /* ClanHall.swift in Sources */,
				99F6B5422C120D99002E8CF4 /* ColorSchemeController.swift in Sources */,
				99F6B5162C1074A6002E8CF4 /* AddedTextState.swift in Sources */,
				99F6B5682C160B8F002E8CF4 /* LocalStorage.swift in Sources */,
				99F6B5402C120BFC002E8CF4 /* ColorSchemeView.swift in Sources */,
				99F6B50A2C0F759D002E8CF4 /* GreetingViewModel.swift in Sources */,
				990198742BFA021800BFB37C /* WeekdayEnum.swift in Sources */,
				99F6B4F12C0E395B002E8CF4 /* EditViewModel.swift in Sources */,
				99F6B56A2C161085002E8CF4 /* ThrowErrorHelper.swift in Sources */,
				99871C732BF7620E00F626A4 /* NeumorphismShadows.swift in Sources */,
				990198902BFA2B2000BFB37C /* ScheduleView.swift in Sources */,
				99871C472BF71EE100F626A4 /* ContentView.swift in Sources */,
				99F6B4F32C0E3A62002E8CF4 /* ScheduleViewModel.swift in Sources */,
				99F6B5482C132325002E8CF4 /* PreferableEventViewModel.swift in Sources */,
				99F6B50F2C1070D8002E8CF4 /* GreetingViewState.swift in Sources */,
				990198942BFB719500BFB37C /* AddedText.swift in Sources */,
				99F6B5122C107479002E8CF4 /* EmptyTextFieldState.swift in Sources */,
				99F6B52D2C11FDF2002E8CF4 /* PreventiveViewState.swift in Sources */,
				990198922BFB5B4400BFB37C /* Events.swift in Sources */,
				99871C7D2BF79DBF00F626A4 /* DateCounter.swift in Sources */,
				99F6B54B2C133037002E8CF4 /* PreferableEventContext.swift in Sources */,
				99F6B5262C10B52B002E8CF4 /* PreventiveWorkView.swift in Sources */,
				99F6B5322C11FFB5002E8CF4 /* PreventiveWorkAddedState.swift in Sources */,
				99871C642BF7582200F626A4 /* PreferableEventView.swift in Sources */,
				99F6B54F2C1330AA002E8CF4 /* PreferableEventViewBaseState.swift in Sources */,
				99F6B5542C1331BC002E8CF4 /* PreferableEventViewEmptyTextState.swift in Sources */,
				99F6B53C2C120BD6002E8CF4 /* ColorSchemeViewModel.swift in Sources */,
				99871C792BF78BBF00F626A4 /* RingedLinkedList.swift in Sources */,
				99F6B5342C11FFC1002E8CF4 /* PreventiveWorkNotAddedState.swift in Sources */,
				990198842BFA0ACC00BFB37C /* EverydayDungeon.swift in Sources */,
				99871C452BF71EE100F626A4 /* SchedulePerfectWorldApp.swift in Sources */,
				99F6B5442C1306B2002E8CF4 /* NavigationRouter.swift in Sources */,
				99F6B54D2C13305C002E8CF4 /* PreferableEventState.swift in Sources */,
				99F6B4F52C0E3AA2002E8CF4 /* ViewModelFactory.swift in Sources */,
				99F6B5142C10748E002E8CF4 /* TextFieldWithTextState.swift in Sources */,
				99F6B4F82C0F2FDB002E8CF4 /* ScheduleViewCoordinator.swift in Sources */,
				99F6B5662C160B66002E8CF4 /* CoreDataStack.swift in Sources */,
			);
			runOnlyForDeploymentPostprocessing = 0;
		};
/* End PBXSourcesBuildPhase section */

/* Begin XCBuildConfiguration section */
		99871C4D2BF71EE300F626A4 /* Debug */ = {
			isa = XCBuildConfiguration;
			buildSettings = {
				ALWAYS_SEARCH_USER_PATHS = NO;
				ASSETCATALOG_COMPILER_GENERATE_SWIFT_ASSET_SYMBOL_EXTENSIONS = YES;
				CLANG_ANALYZER_NONNULL = YES;
				CLANG_ANALYZER_NUMBER_OBJECT_CONVERSION = YES_AGGRESSIVE;
				CLANG_CXX_LANGUAGE_STANDARD = "gnu++20";
				CLANG_ENABLE_MODULES = YES;
				CLANG_ENABLE_OBJC_ARC = YES;
				CLANG_ENABLE_OBJC_WEAK = YES;
				CLANG_WARN_BLOCK_CAPTURE_AUTORELEASING = YES;
				CLANG_WARN_BOOL_CONVERSION = YES;
				CLANG_WARN_COMMA = YES;
				CLANG_WARN_CONSTANT_CONVERSION = YES;
				CLANG_WARN_DEPRECATED_OBJC_IMPLEMENTATIONS = YES;
				CLANG_WARN_DIRECT_OBJC_ISA_USAGE = YES_ERROR;
				CLANG_WARN_DOCUMENTATION_COMMENTS = YES;
				CLANG_WARN_EMPTY_BODY = YES;
				CLANG_WARN_ENUM_CONVERSION = YES;
				CLANG_WARN_INFINITE_RECURSION = YES;
				CLANG_WARN_INT_CONVERSION = YES;
				CLANG_WARN_NON_LITERAL_NULL_CONVERSION = YES;
				CLANG_WARN_OBJC_IMPLICIT_RETAIN_SELF = YES;
				CLANG_WARN_OBJC_LITERAL_CONVERSION = YES;
				CLANG_WARN_OBJC_ROOT_CLASS = YES_ERROR;
				CLANG_WARN_QUOTED_INCLUDE_IN_FRAMEWORK_HEADER = YES;
				CLANG_WARN_RANGE_LOOP_ANALYSIS = YES;
				CLANG_WARN_STRICT_PROTOTYPES = YES;
				CLANG_WARN_SUSPICIOUS_MOVE = YES;
				CLANG_WARN_UNGUARDED_AVAILABILITY = YES_AGGRESSIVE;
				CLANG_WARN_UNREACHABLE_CODE = YES;
				CLANG_WARN__DUPLICATE_METHOD_MATCH = YES;
				COPY_PHASE_STRIP = NO;
				DEBUG_INFORMATION_FORMAT = dwarf;
				ENABLE_STRICT_OBJC_MSGSEND = YES;
				ENABLE_TESTABILITY = YES;
				ENABLE_USER_SCRIPT_SANDBOXING = YES;
				GCC_C_LANGUAGE_STANDARD = gnu17;
				GCC_DYNAMIC_NO_PIC = NO;
				GCC_NO_COMMON_BLOCKS = YES;
				GCC_OPTIMIZATION_LEVEL = 0;
				GCC_PREPROCESSOR_DEFINITIONS = (
					"DEBUG=1",
					"$(inherited)",
				);
				GCC_WARN_64_TO_32_BIT_CONVERSION = YES;
				GCC_WARN_ABOUT_RETURN_TYPE = YES_ERROR;
				GCC_WARN_UNDECLARED_SELECTOR = YES;
				GCC_WARN_UNINITIALIZED_AUTOS = YES_AGGRESSIVE;
				GCC_WARN_UNUSED_FUNCTION = YES;
				GCC_WARN_UNUSED_VARIABLE = YES;
				IPHONEOS_DEPLOYMENT_TARGET = 17.2;
				LOCALIZATION_PREFERS_STRING_CATALOGS = YES;
				MTL_ENABLE_DEBUG_INFO = INCLUDE_SOURCE;
				MTL_FAST_MATH = YES;
				ONLY_ACTIVE_ARCH = YES;
				SDKROOT = iphoneos;
				SWIFT_ACTIVE_COMPILATION_CONDITIONS = "DEBUG $(inherited)";
				SWIFT_OPTIMIZATION_LEVEL = "-Onone";
			};
			name = Debug;
		};
		99871C4E2BF71EE300F626A4 /* Release */ = {
			isa = XCBuildConfiguration;
			buildSettings = {
				ALWAYS_SEARCH_USER_PATHS = NO;
				ASSETCATALOG_COMPILER_GENERATE_SWIFT_ASSET_SYMBOL_EXTENSIONS = YES;
				CLANG_ANALYZER_NONNULL = YES;
				CLANG_ANALYZER_NUMBER_OBJECT_CONVERSION = YES_AGGRESSIVE;
				CLANG_CXX_LANGUAGE_STANDARD = "gnu++20";
				CLANG_ENABLE_MODULES = YES;
				CLANG_ENABLE_OBJC_ARC = YES;
				CLANG_ENABLE_OBJC_WEAK = YES;
				CLANG_WARN_BLOCK_CAPTURE_AUTORELEASING = YES;
				CLANG_WARN_BOOL_CONVERSION = YES;
				CLANG_WARN_COMMA = YES;
				CLANG_WARN_CONSTANT_CONVERSION = YES;
				CLANG_WARN_DEPRECATED_OBJC_IMPLEMENTATIONS = YES;
				CLANG_WARN_DIRECT_OBJC_ISA_USAGE = YES_ERROR;
				CLANG_WARN_DOCUMENTATION_COMMENTS = YES;
				CLANG_WARN_EMPTY_BODY = YES;
				CLANG_WARN_ENUM_CONVERSION = YES;
				CLANG_WARN_INFINITE_RECURSION = YES;
				CLANG_WARN_INT_CONVERSION = YES;
				CLANG_WARN_NON_LITERAL_NULL_CONVERSION = YES;
				CLANG_WARN_OBJC_IMPLICIT_RETAIN_SELF = YES;
				CLANG_WARN_OBJC_LITERAL_CONVERSION = YES;
				CLANG_WARN_OBJC_ROOT_CLASS = YES_ERROR;
				CLANG_WARN_QUOTED_INCLUDE_IN_FRAMEWORK_HEADER = YES;
				CLANG_WARN_RANGE_LOOP_ANALYSIS = YES;
				CLANG_WARN_STRICT_PROTOTYPES = YES;
				CLANG_WARN_SUSPICIOUS_MOVE = YES;
				CLANG_WARN_UNGUARDED_AVAILABILITY = YES_AGGRESSIVE;
				CLANG_WARN_UNREACHABLE_CODE = YES;
				CLANG_WARN__DUPLICATE_METHOD_MATCH = YES;
				COPY_PHASE_STRIP = NO;
				DEBUG_INFORMATION_FORMAT = "dwarf-with-dsym";
				ENABLE_NS_ASSERTIONS = NO;
				ENABLE_STRICT_OBJC_MSGSEND = YES;
				ENABLE_USER_SCRIPT_SANDBOXING = YES;
				GCC_C_LANGUAGE_STANDARD = gnu17;
				GCC_NO_COMMON_BLOCKS = YES;
				GCC_WARN_64_TO_32_BIT_CONVERSION = YES;
				GCC_WARN_ABOUT_RETURN_TYPE = YES_ERROR;
				GCC_WARN_UNDECLARED_SELECTOR = YES;
				GCC_WARN_UNINITIALIZED_AUTOS = YES_AGGRESSIVE;
				GCC_WARN_UNUSED_FUNCTION = YES;
				GCC_WARN_UNUSED_VARIABLE = YES;
				IPHONEOS_DEPLOYMENT_TARGET = 17.2;
				LOCALIZATION_PREFERS_STRING_CATALOGS = YES;
				MTL_ENABLE_DEBUG_INFO = NO;
				MTL_FAST_MATH = YES;
				SDKROOT = iphoneos;
				SWIFT_COMPILATION_MODE = wholemodule;
				VALIDATE_PRODUCT = YES;
			};
			name = Release;
		};
		99871C502BF71EE300F626A4 /* Debug */ = {
			isa = XCBuildConfiguration;
			buildSettings = {
				ASSETCATALOG_COMPILER_APPICON_NAME = AppIcon;
				ASSETCATALOG_COMPILER_GLOBAL_ACCENT_COLOR_NAME = AccentColor;
				CODE_SIGN_STYLE = Automatic;
				CURRENT_PROJECT_VERSION = 1;
				DEVELOPMENT_ASSET_PATHS = "\"SchedulePerfectWorld/Preview Content\"";
				DEVELOPMENT_TEAM = KR7D477LDQ;
				ENABLE_PREVIEWS = YES;
				GENERATE_INFOPLIST_FILE = YES;
				INFOPLIST_KEY_UIApplicationSceneManifest_Generation = YES;
				INFOPLIST_KEY_UIApplicationSupportsIndirectInputEvents = YES;
				INFOPLIST_KEY_UILaunchScreen_Generation = YES;
				INFOPLIST_KEY_UISupportedInterfaceOrientations_iPad = "UIInterfaceOrientationPortrait UIInterfaceOrientationPortraitUpsideDown UIInterfaceOrientationLandscapeLeft UIInterfaceOrientationLandscapeRight";
				INFOPLIST_KEY_UISupportedInterfaceOrientations_iPhone = "UIInterfaceOrientationPortrait UIInterfaceOrientationLandscapeLeft UIInterfaceOrientationLandscapeRight";
				LD_RUNPATH_SEARCH_PATHS = (
					"$(inherited)",
					"@executable_path/Frameworks",
				);
				MARKETING_VERSION = 1.0;
				PRODUCT_BUNDLE_IDENTIFIER = NikolaiShcherbakov.SchedulePerfectWorld;
				PRODUCT_NAME = "$(TARGET_NAME)";
				SWIFT_EMIT_LOC_STRINGS = YES;
				SWIFT_VERSION = 5.0;
				TARGETED_DEVICE_FAMILY = "1,2";
			};
			name = Debug;
		};
		99871C512BF71EE300F626A4 /* Release */ = {
			isa = XCBuildConfiguration;
			buildSettings = {
				ASSETCATALOG_COMPILER_APPICON_NAME = AppIcon;
				ASSETCATALOG_COMPILER_GLOBAL_ACCENT_COLOR_NAME = AccentColor;
				CODE_SIGN_STYLE = Automatic;
				CURRENT_PROJECT_VERSION = 1;
				DEVELOPMENT_ASSET_PATHS = "\"SchedulePerfectWorld/Preview Content\"";
				DEVELOPMENT_TEAM = KR7D477LDQ;
				ENABLE_PREVIEWS = YES;
				GENERATE_INFOPLIST_FILE = YES;
				INFOPLIST_KEY_UIApplicationSceneManifest_Generation = YES;
				INFOPLIST_KEY_UIApplicationSupportsIndirectInputEvents = YES;
				INFOPLIST_KEY_UILaunchScreen_Generation = YES;
				INFOPLIST_KEY_UISupportedInterfaceOrientations_iPad = "UIInterfaceOrientationPortrait UIInterfaceOrientationPortraitUpsideDown UIInterfaceOrientationLandscapeLeft UIInterfaceOrientationLandscapeRight";
				INFOPLIST_KEY_UISupportedInterfaceOrientations_iPhone = "UIInterfaceOrientationPortrait UIInterfaceOrientationLandscapeLeft UIInterfaceOrientationLandscapeRight";
				LD_RUNPATH_SEARCH_PATHS = (
					"$(inherited)",
					"@executable_path/Frameworks",
				);
				MARKETING_VERSION = 1.0;
				PRODUCT_BUNDLE_IDENTIFIER = NikolaiShcherbakov.SchedulePerfectWorld;
				PRODUCT_NAME = "$(TARGET_NAME)";
				SWIFT_EMIT_LOC_STRINGS = YES;
				SWIFT_VERSION = 5.0;
				TARGETED_DEVICE_FAMILY = "1,2";
			};
			name = Release;
		};
/* End XCBuildConfiguration section */

/* Begin XCConfigurationList section */
		99871C3C2BF71EE100F626A4 /* Build configuration list for PBXProject "SchedulePerfectWorld" */ = {
			isa = XCConfigurationList;
			buildConfigurations = (
				99871C4D2BF71EE300F626A4 /* Debug */,
				99871C4E2BF71EE300F626A4 /* Release */,
			);
			defaultConfigurationIsVisible = 0;
			defaultConfigurationName = Release;
		};
		99871C4F2BF71EE300F626A4 /* Build configuration list for PBXNativeTarget "SchedulePerfectWorld" */ = {
			isa = XCConfigurationList;
			buildConfigurations = (
				99871C502BF71EE300F626A4 /* Debug */,
				99871C512BF71EE300F626A4 /* Release */,
			);
			defaultConfigurationIsVisible = 0;
			defaultConfigurationName = Release;
		};
/* End XCConfigurationList section */

/* Begin XCVersionGroup section */
		99F6B55A2C1608D5002E8CF4 /* PreferableEventsStorage.xcdatamodeld */ = {
			isa = XCVersionGroup;
			children = (
				99F6B55B2C1608D6002E8CF4 /* PreferableEventsStorage.xcdatamodel */,
			);
			currentVersion = 99F6B55B2C1608D6002E8CF4 /* PreferableEventsStorage.xcdatamodel */;
			name = PreferableEventsStorage.xcdatamodeld;
			path = /Users/lucifer/Documents/SwiftProjects/SchedulePerfectWorld/SchedulePerfectWorld/Storage/PreferableEventsStorage.xcdatamodeld;
			sourceTree = "<group>";
			versionGroupType = wrapper.xcdatamodel;
		};
/* End XCVersionGroup section */
	};
	rootObject = 99871C392BF71EE100F626A4 /* Project object */;
}
